// !$*UTF8*$!
{
	archiveVersion = 1;
	classes = {
	};
	objectVersion = 46;
	objects = {

/* Begin PBXBuildFile section */
		DC71EAD31E7C749F00CB3CB7 /* AppDelegate.swift in Sources */ = {isa = PBXBuildFile; fileRef = DC71EAD21E7C749F00CB3CB7 /* AppDelegate.swift */; };
		DC71EAD51E7C749F00CB3CB7 /* ViewController.swift in Sources */ = {isa = PBXBuildFile; fileRef = DC71EAD41E7C749F00CB3CB7 /* ViewController.swift */; };
		DC71EAD81E7C749F00CB3CB7 /* Main.storyboard in Resources */ = {isa = PBXBuildFile; fileRef = DC71EAD61E7C749F00CB3CB7 /* Main.storyboard */; };
		DC71EADA1E7C749F00CB3CB7 /* Assets.xcassets in Resources */ = {isa = PBXBuildFile; fileRef = DC71EAD91E7C749F00CB3CB7 /* Assets.xcassets */; };
		DC71EADD1E7C749F00CB3CB7 /* LaunchScreen.storyboard in Resources */ = {isa = PBXBuildFile; fileRef = DC71EADB1E7C749F00CB3CB7 /* LaunchScreen.storyboard */; };
/* End PBXBuildFile section */

/* Begin PBXFileReference section */
		DC71EACF1E7C749F00CB3CB7 /* PokeDex.app */ = {isa = PBXFileReference; explicitFileType = wrapper.application; includeInIndex = 0; path = PokeDex.app; sourceTree = BUILT_PRODUCTS_DIR; };
		DC71EAD21E7C749F00CB3CB7 /* AppDelegate.swift */ = {isa = PBXFileReference; lastKnownFileType = sourcecode.swift; path = AppDelegate.swift; sourceTree = "<group>"; };
		DC71EAD41E7C749F00CB3CB7 /* ViewController.swift */ = {isa = PBXFileReference; lastKnownFileType = sourcecode.swift; path = ViewController.swift; sourceTree = "<group>"; };
		DC71EAD71E7C749F00CB3CB7 /* Base */ = {isa = PBXFileReference; lastKnownFileType = file.storyboard; name = Base; path = Base.lproj/Main.storyboard; sourceTree = "<group>"; };
		DC71EAD91E7C749F00CB3CB7 /* Assets.xcassets */ = {isa = PBXFileReference; lastKnownFileType = folder.assetcatalog; path = Assets.xcassets; sourceTree = "<group>"; };
		DC71EADC1E7C749F00CB3CB7 /* Base */ = {isa = PBXFileReference; lastKnownFileType = file.storyboard; name = Base; path = Base.lproj/LaunchScreen.storyboard; sourceTree = "<group>"; };
		DC71EADE1E7C749F00CB3CB7 /* Info.plist */ = {isa = PBXFileReference; lastKnownFileType = text.plist.xml; path = Info.plist; sourceTree = "<group>"; };
/* End PBXFileReference section */

/* Begin PBXFrameworksBuildPhase section */
		DC71EACC1E7C749F00CB3CB7 /* Frameworks */ = {
			isa = PBXFrameworksBuildPhase;
			buildActionMask = 2147483647;
			files = (
			);
			runOnlyForDeploymentPostprocessing = 0;
		};
/* End PBXFrameworksBuildPhase section */

/* Begin PBXGroup section */
		DC71EAC61E7C749F00CB3CB7 = {
			isa = PBXGroup;
			children = (
				DC71EAD11E7C749F00CB3CB7 /* PokeDex */,
				DC71EAD01E7C749F00CB3CB7 /* Products */,
			);
			sourceTree = "<group>";
		};
		DC71EAD01E7C749F00CB3CB7 /* Products */ = {
			isa = PBXGroup;
			children = (
				DC71EACF1E7C749F00CB3CB7 /* PokeDex.app */,
			);
			name = Products;
			sourceTree = "<group>";
		};
		DC71EAD11E7C749F00CB3CB7 /* PokeDex */ = {
			isa = PBXGroup;
			children = (
				DC71EAD21E7C749F00CB3CB7 /* AppDelegate.swift */,
				DC71EAD41E7C749F00CB3CB7 /* ViewController.swift */,
				DC71EAD61E7C749F00CB3CB7 /* Main.storyboard */,
				DC71EAD91E7C749F00CB3CB7 /* Assets.xcassets */,
				DC71EADB1E7C749F00CB3CB7 /* LaunchScreen.storyboard */,
				DC71EADE1E7C749F00CB3CB7 /* Info.plist */,
			);
			path = PokeDex;
			sourceTree = "<group>";
		};
/* End PBXGroup section */

/* Begin PBXNativeTarget section */
		DC71EACE1E7C749F00CB3CB7 /* PokeDex */ = {
			isa = PBXNativeTarget;
			buildConfigurationList = DC71EAE11E7C749F00CB3CB7 /* Build configuration list for PBXNativeTarget "PokeDex" */;
			buildPhases = (
				DC71EACB1E7C749F00CB3CB7 /* Sources */,
				DC71EACC1E7C749F00CB3CB7 /* Frameworks */,
				DC71EACD1E7C749F00CB3CB7 /* Resources */,
			);
			buildRules = (
			);
			dependencies = (
			);
			name = PokeDex;
			productName = PokeDex;
			productReference = DC71EACF1E7C749F00CB3CB7 /* PokeDex.app */;
			productType = "com.apple.product-type.application";
		};
/* End PBXNativeTarget section */

/* Begin PBXProject section */
		DC71EAC71E7C749F00CB3CB7 /* Project object */ = {
			isa = PBXProject;
			attributes = {
				LastSwiftUpdateCheck = 0820;
				LastUpgradeCheck = 0820;
				ORGANIZATIONNAME = "Oguzhan Akbudak";
				TargetAttributes = {
					DC71EACE1E7C749F00CB3CB7 = {
						CreatedOnToolsVersion = 8.2.1;
						DevelopmentTeam = N9T7W3E73A;
						ProvisioningStyle = Automatic;
					};
				};
			};
			buildConfigurationList = DC71EACA1E7C749F00CB3CB7 /* Build configuration list for PBXProject "PokeDex" */;
			compatibilityVersion = "Xcode 3.2";
			developmentRegion = English;
			hasScannedForEncodings = 0;
			knownRegions = (
				en,
				Base,
			);
			mainGroup = DC71EAC61E7C749F00CB3CB7;
			productRefGroup = DC71EAD01E7C749F00CB3CB7 /* Products */;
			projectDirPath = "";
			projectRoot = "";
			targets = (
				DC71EACE1E7C749F00CB3CB7 /* PokeDex */,
			);
		};
/* End PBXProject section */

/* Begin PBXResourcesBuildPhase section */
		DC71EACD1E7C749F00CB3CB7 /* Resources */ = {
			isa = PBXResourcesBuildPhase;
			buildActionMask = 2147483647;
			files = (
				DC71EADD1E7C749F00CB3CB7 /* LaunchScreen.storyboard in Resources */,
				DC71EADA1E7C749F00CB3CB7 /* Assets.xcassets in Resources */,
				DC71EAD81E7C749F00CB3CB7 /* Main.storyboard in Resources */,
			);
			runOnlyForDeploymentPostprocessing = 0;
		};
/* End PBXResourcesBuildPhase section */

/* Begin PBXSourcesBuildPhase section */
		DC71EACB1E7C749F00CB3CB7 /* Sources */ = {
			isa = PBXSourcesBuildPhase;
			buildActionMask = 2147483647;
			files = (
				DC71EAD51E7C749F00CB3CB7 /* ViewController.swift in Sources */,
				DC71EAD31E7C749F00CB3CB7 /* AppDelegate.swift in Sources */,
			);
			runOnlyForDeploymentPostprocessing = 0;
		};
/* End PBXSourcesBuildPhase section */

/* Begin PBXVariantGroup section */
		DC71EAD61E7C749F00CB3CB7 /* Main.storyboard */ = {
			isa = PBXVariantGroup;
			children = (
				DC71EAD71E7C749F00CB3CB7 /* Base */,
			);
			name = Main.storyboard;
			sourceTree = "<group>";
		};
		DC71EADB1E7C749F00CB3CB7 /* LaunchScreen.storyboard */ = {
			isa = PBXVariantGroup;
			children = (
				DC71EADC1E7C749F00CB3CB7 /* Base */,
			);
			name = LaunchScreen.storyboard;
			sourceTree = "<group>";
		};
/* End PBXVariantGroup section */

/* Begin XCBuildConfiguration section */
		DC71EADF1E7C749F00CB3CB7 /* Debug */ = {
			isa = XCBuildConfiguration;
			buildSettings = {
				ALWAYS_SEARCH_USER_PATHS = NO;
				CLANG_ANALYZER_NONNULL = YES;
				CLANG_CXX_LANGUAGE_STANDARD = "gnu++0x";
				CLANG_CXX_LIBRARY = "libc++";
				CLANG_ENABLE_MODULES = YES;
				CLANG_ENABLE_OBJC_ARC = YES;
				CLANG_WARN_BOOL_CONVERSION = YES;
				CLANG_WARN_CONSTANT_CONVERSION = YES;
				CLANG_WARN_DIRECT_OBJC_ISA_USAGE = YES_ERROR;
				CLANG_WARN_DOCUMENTATION_COMMENTS = YES;
				CLANG_WARN_EMPTY_BODY = YES;
				CLANG_WARN_ENUM_CONVERSION = YES;
				CLANG_WARN_INFINITE_RECURSION = YES;
				CLANG_WARN_INT_CONVERSION = YES;
				CLANG_WARN_OBJC_ROOT_CLASS = YES_ERROR;
				CLANG_WARN_SUSPICIOUS_MOVE = YES;
				CLANG_WARN_UNREACHABLE_CODE = YES;
				CLANG_WARN__DUPLICATE_METHOD_MATCH = YES;
				"CODE_SIGN_IDENTITY[sdk=iphoneos*]" = "iPhone Developer";
				COPY_PHASE_STRIP = NO;
				DEBUG_INFORMATION_FORMAT = dwarf;
				ENABLE_STRICT_OBJC_MSGSEND = YES;
				ENABLE_TESTABILITY = YES;
				GCC_C_LANGUAGE_STANDARD = gnu99;
				GCC_DYNAMIC_NO_PIC = NO;
				GCC_NO_COMMON_BLOCKS = YES;
				GCC_OPTIMIZATION_LEVEL = 0;
				GCC_PREPROCESSOR_DEFINITIONS = (
					"DEBUG=1",
					"$(inherited)",
				);
				GCC_WARN_64_TO_32_BIT_CONVERSION = YES;
				GCC_WARN_ABOUT_RETURN_TYPE = YES_ERROR;
				GCC_WARN_UNDECLARED_SELECTOR = YES;
				GCC_WARN_UNINITIALIZED_AUTOS = YES_AGGRESSIVE;
				GCC_WARN_UNUSED_FUNCTION = YES;
				GCC_WARN_UNUSED_VARIABLE = YES;
				IPHONEOS_DEPLOYMENT_TARGET = 10.2;
				MTL_ENABLE_DEBUG_INFO = YES;
				ONLY_ACTIVE_ARCH = YES;
				SDKROOT = iphoneos;
				SWIFT_ACTIVE_COMPILATION_CONDITIONS = DEBUG;
				SWIFT_OPTIMIZATION_LEVEL = "-Onone";
				TARGETED_DEVICE_FAMILY = "1,2";
			};
			name = Debug;
		};
		DC71EAE01E7C749F00CB3CB7 /* Release */ = {
			isa = XCBuildConfiguration;
			buildSettings = {
				ALWAYS_SEARCH_USER_PATHS = NO;
				CLANG_ANALYZER_NONNULL = YES;
				CLANG_CXX_LANGUAGE_STANDARD = "gnu++0x";
				CLANG_CXX_LIBRARY = "libc++";
				CLANG_ENABLE_MODULES = YES;
				CLANG_ENABLE_OBJC_ARC = YES;
				CLANG_WARN_BOOL_CONVERSION = YES;
				CLANG_WARN_CONSTANT_CONVERSION = YES;
				CLANG_WARN_DIRECT_OBJC_ISA_USAGE = YES_ERROR;
				CLANG_WARN_DOCUMENTATION_COMMENTS = YES;
				CLANG_WARN_EMPTY_BODY = YES;
				CLANG_WARN_ENUM_CONVERSION = YES;
				CLANG_WARN_INFINITE_RECURSION = YES;
				CLANG_WARN_INT_CONVERSION = YES;
				CLANG_WARN_OBJC_ROOT_CLASS = YES_ERROR;
				CLANG_WARN_SUSPICIOUS_MOVE = YES;
				CLANG_WARN_UNREACHABLE_CODE = YES;
				CLANG_WARN__DUPLICATE_METHOD_MATCH = YES;
				"CODE_SIGN_IDENTITY[sdk=iphoneos*]" = "iPhone Developer";
				COPY_PHASE_STRIP = NO;
				DEBUG_INFORMATION_FORMAT = "dwarf-with-dsym";
				ENABLE_NS_ASSERTIONS = NO;
				ENABLE_STRICT_OBJC_MSGSEND = YES;
				GCC_C_LANGUAGE_STANDARD = gnu99;
				GCC_NO_COMMON_BLOCKS = YES;
				GCC_WARN_64_TO_32_BIT_CONVERSION = YES;
				GCC_WARN_ABOUT_RETURN_TYPE = YES_ERROR;
				GCC_WARN_UNDECLARED_SELECTOR = YES;
				GCC_WARN_UNINITIALIZED_AUTOS = YES_AGGRESSIVE;
				GCC_WARN_UNUSED_FUNCTION = YES;
				GCC_WARN_UNUSED_VARIABLE = YES;
				IPHONEOS_DEPLOYMENT_TARGET = 10.2;
				MTL_ENABLE_DEBUG_INFO = NO;
				SDKROOT = iphoneos;
				SWIFT_OPTIMIZATION_LEVEL = "-Owholemodule";
				TARGETED_DEVICE_FAMILY = "1,2";
				VALIDATE_PRODUCT = YES;
			};
			name = Release;
		};
		DC71EAE21E7C749F00CB3CB7 /* Debug */ = {
			isa = XCBuildConfiguration;
			buildSettings = {
				ASSETCATALOG_COMPILER_APPICON_NAME = AppIcon;
				DEVELOPMENT_TEAM = N9T7W3E73A;
				INFOPLIST_FILE = PokeDex/Info.plist;
				LD_RUNPATH_SEARCH_PATHS = "$(inherited) @executable_path/Frameworks";
				PRODUCT_BUNDLE_IDENTIFIER = com.oguzhan.akbudak.PokeDex;
				PRODUCT_NAME = "$(TARGET_NAME)";
				SWIFT_VERSION = 3.0;
			};
			name = Debug;
		};
		DC71EAE31E7C749F00CB3CB7 /* Release */ = {
			isa = XCBuildConfiguration;
			buildSettings = {
				ASSETCATALOG_COMPILER_APPICON_NAME = AppIcon;
				DEVELOPMENT_TEAM = N9T7W3E73A;
				INFOPLIST_FILE = PokeDex/Info.plist;
				LD_RUNPATH_SEARCH_PATHS = "$(inherited) @executable_path/Frameworks";
				PRODUCT_BUNDLE_IDENTIFIER = com.oguzhan.akbudak.PokeDex;
				PRODUCT_NAME = "$(TARGET_NAME)";
				SWIFT_VERSION = 3.0;
			};
			name = Release;
		};
/* End XCBuildConfiguration section */

/* Begin XCConfigurationList section */
		DC71EACA1E7C749F00CB3CB7 /* Build configuration list for PBXProject "PokeDex" */ = {
			isa = XCConfigurationList;
			buildConfigurations = (
				DC71EADF1E7C749F00CB3CB7 /* Debug */,
				DC71EAE01E7C749F00CB3CB7 /* Release */,
			);
			defaultConfigurationIsVisible = 0;
			defaultConfigurationName = Release;
		};
		DC71EAE11E7C749F00CB3CB7 /* Build configuration list for PBXNativeTarget "PokeDex" */ = {
			isa = XCConfigurationList;
			buildConfigurations = (
				DC71EAE21E7C749F00CB3CB7 /* Debug */,
				DC71EAE31E7C749F00CB3CB7 /* Release */,
			);
			defaultConfigurationIsVisible = 0;
		};
/* End XCConfigurationList section */
	};
	rootObject = DC71EAC71E7C749F00CB3CB7 /* Project object */;
}
